
Microsoft Visual Studio Solution File, Format Version 12.00
# Visual Studio 15
VisualStudioVersion = 15.0.28307.329
MinimumVisualStudioVersion = 10.0.40219.1
Project("{FAE04EC0-301F-11D3-BF4B-00C04F79EFBC}") = "ReversingAString", "ReversingAString\ReversingAString.csproj", "{9E7B86FD-4EE1-46C6-AC2E-6A1F2C3DDDE5}"
EndProject
Project("{FAE04EC0-301F-11D3-BF4B-00C04F79EFBC}") = "ReversingAStringTests", "ReversingAStringTests\ReversingAStringTests.csproj", "{005CDCE4-FC37-40C9-BF73-48E7166A06BC}"
EndProject
Project("{FAE04EC0-301F-11D3-BF4B-00C04F79EFBC}") = "SumOfOddNumbers", "SumOfOddNumbers\SumOfOddNumbers.csproj", "{926E7CA0-2EC2-4952-9D24-35845D54A07E}"
EndProject
Project("{FAE04EC0-301F-11D3-BF4B-00C04F79EFBC}") = "SumOfOddNumbersTests", "SumOfOddNumbersTests\SumOfOddNumbersTests.csproj", "{2B7C7347-E279-4F3B-B040-E698DBC43DB0}"
EndProject
Project("{FAE04EC0-301F-11D3-BF4B-00C04F79EFBC}") = "SumOfPrimes", "SumOfPrimes\SumOfPrimes.csproj", "{87ABC195-43CB-4EA2-9076-1B96107144F8}"
EndProject
Project("{FAE04EC0-301F-11D3-BF4B-00C04F79EFBC}") = "SumOfPrimesTests", "SumOfPrimesTests\SumOfPrimesTests.csproj", "{951BCD0D-73A8-425E-A8B4-69FCF172F449}"
EndProject
Project("{FAE04EC0-301F-11D3-BF4B-00C04F79EFBC}") = "minimumIntInArray", "minimumIntInArray\minimumIntInArray.csproj", "{3B5D2CCC-7D03-4A4B-AA55-336A9958143B}"
EndProject
Project("{FAE04EC0-301F-11D3-BF4B-00C04F79EFBC}") = "minimumIntInArrayTests", "minimumIntInArrayTests\minimumIntInArrayTests.csproj", "{D89D9E6A-FFCE-4608-835B-B809F3B4702C}"
EndProject
Project("{FAE04EC0-301F-11D3-BF4B-00C04F79EFBC}") = "ReversingAnArray", "ReversingAnArray\ReversingAnArray.csproj", "{BB32488F-3910-4CF8-B818-B4514B0486DA}"
EndProject
Project("{FAE04EC0-301F-11D3-BF4B-00C04F79EFBC}") = "NumberTriangle", "NumberTriangle\NumberTriangle.csproj", "{126CA24F-7CFD-4B7F-8D21-EED2C644945F}"
EndProject
Project("{FAE04EC0-301F-11D3-BF4B-00C04F79EFBC}") = "ReversingAnArrayTests", "ReversingAnArrayTests\ReversingAnArrayTests.csproj", "{F888F71A-F5FE-4BEB-A744-0883827FFEBC}"
EndProject
Project("{FAE04EC0-301F-11D3-BF4B-00C04F79EFBC}") = "SumOfDigits", "SumOfDigits\SumOfDigits.csproj", "{A844BA5F-1179-4A9C-98CD-472198E04BAB}"
EndProject
Project("{FAE04EC0-301F-11D3-BF4B-00C04F79EFBC}") = "SumOfDigitsTests", "SumOfDigitsTests\SumOfDigitsTests.csproj", "{9E1FD55E-6B78-4DF2-B480-43D89A24D71C}"
EndProject
Project("{FAE04EC0-301F-11D3-BF4B-00C04F79EFBC}") = "FindEmail", "FindEmail\FindEmail.csproj", "{739DCC23-5F96-4101-8543-2FC6876F7CAA}"
EndProject
Global
	GlobalSection(SolutionConfigurationPlatforms) = preSolution
		Debug|Any CPU = Debug|Any CPU
		Release|Any CPU = Release|Any CPU
	EndGlobalSection
	GlobalSection(ProjectConfigurationPlatforms) = postSolution
		{9E7B86FD-4EE1-46C6-AC2E-6A1F2C3DDDE5}.Debug|Any CPU.ActiveCfg = Debug|Any CPU
		{9E7B86FD-4EE1-46C6-AC2E-6A1F2C3DDDE5}.Debug|Any CPU.Build.0 = Debug|Any CPU
		{9E7B86FD-4EE1-46C6-AC2E-6A1F2C3DDDE5}.Release|Any CPU.ActiveCfg = Release|Any CPU
		{9E7B86FD-4EE1-46C6-AC2E-6A1F2C3DDDE5}.Release|Any CPU.Build.0 = Release|Any CPU
		{005CDCE4-FC37-40C9-BF73-48E7166A06BC}.Debug|Any CPU.ActiveCfg = Debug|Any CPU
		{005CDCE4-FC37-40C9-BF73-48E7166A06BC}.Debug|Any CPU.Build.0 = Debug|Any CPU
		{005CDCE4-FC37-40C9-BF73-48E7166A06BC}.Release|Any CPU.ActiveCfg = Release|Any CPU
		{005CDCE4-FC37-40C9-BF73-48E7166A06BC}.Release|Any CPU.Build.0 = Release|Any CPU
		{926E7CA0-2EC2-4952-9D24-35845D54A07E}.Debug|Any CPU.ActiveCfg = Debug|Any CPU
		{926E7CA0-2EC2-4952-9D24-35845D54A07E}.Debug|Any CPU.Build.0 = Debug|Any CPU
		{926E7CA0-2EC2-4952-9D24-35845D54A07E}.Release|Any CPU.ActiveCfg = Release|Any CPU
		{926E7CA0-2EC2-4952-9D24-35845D54A07E}.Release|Any CPU.Build.0 = Release|Any CPU
		{2B7C7347-E279-4F3B-B040-E698DBC43DB0}.Debug|Any CPU.ActiveCfg = Debug|Any CPU
		{2B7C7347-E279-4F3B-B040-E698DBC43DB0}.Debug|Any CPU.Build.0 = Debug|Any CPU
		{2B7C7347-E279-4F3B-B040-E698DBC43DB0}.Release|Any CPU.ActiveCfg = Release|Any CPU
		{2B7C7347-E279-4F3B-B040-E698DBC43DB0}.Release|Any CPU.Build.0 = Release|Any CPU
		{87ABC195-43CB-4EA2-9076-1B96107144F8}.Debug|Any CPU.ActiveCfg = Debug|Any CPU
		{87ABC195-43CB-4EA2-9076-1B96107144F8}.Debug|Any CPU.Build.0 = Debug|Any CPU
		{87ABC195-43CB-4EA2-9076-1B96107144F8}.Release|Any CPU.ActiveCfg = Release|Any CPU
		{87ABC195-43CB-4EA2-9076-1B96107144F8}.Release|Any CPU.Build.0 = Release|Any CPU
		{951BCD0D-73A8-425E-A8B4-69FCF172F449}.Debug|Any CPU.ActiveCfg = Debug|Any CPU
		{951BCD0D-73A8-425E-A8B4-69FCF172F449}.Debug|Any CPU.Build.0 = Debug|Any CPU
		{951BCD0D-73A8-425E-A8B4-69FCF172F449}.Release|Any CPU.ActiveCfg = Release|Any CPU
		{951BCD0D-73A8-425E-A8B4-69FCF172F449}.Release|Any CPU.Build.0 = Release|Any CPU
		{3B5D2CCC-7D03-4A4B-AA55-336A9958143B}.Debug|Any CPU.ActiveCfg = Debug|Any CPU
		{3B5D2CCC-7D03-4A4B-AA55-336A9958143B}.Debug|Any CPU.Build.0 = Debug|Any CPU
		{3B5D2CCC-7D03-4A4B-AA55-336A9958143B}.Release|Any CPU.ActiveCfg = Release|Any CPU
		{3B5D2CCC-7D03-4A4B-AA55-336A9958143B}.Release|Any CPU.Build.0 = Release|Any CPU
		{D89D9E6A-FFCE-4608-835B-B809F3B4702C}.Debug|Any CPU.ActiveCfg = Debug|Any CPU
		{D89D9E6A-FFCE-4608-835B-B809F3B4702C}.Debug|Any CPU.Build.0 = Debug|Any CPU
		{D89D9E6A-FFCE-4608-835B-B809F3B4702C}.Release|Any CPU.ActiveCfg = Release|Any CPU
		{D89D9E6A-FFCE-4608-835B-B809F3B4702C}.Release|Any CPU.Build.0 = Release|Any CPU
		{BB32488F-3910-4CF8-B818-B4514B0486DA}.Debug|Any CPU.ActiveCfg = Debug|Any CPU
		{BB32488F-3910-4CF8-B818-B4514B0486DA}.Debug|Any CPU.Build.0 = Debug|Any CPU
		{BB32488F-3910-4CF8-B818-B4514B0486DA}.Release|Any CPU.ActiveCfg = Release|Any CPU
		{BB32488F-3910-4CF8-B818-B4514B0486DA}.Release|Any CPU.Build.0 = Release|Any CPU
		{126CA24F-7CFD-4B7F-8D21-EED2C644945F}.Debug|Any CPU.ActiveCfg = Debug|Any CPU
		{126CA24F-7CFD-4B7F-8D21-EED2C644945F}.Debug|Any CPU.Build.0 = Debug|Any CPU
		{126CA24F-7CFD-4B7F-8D21-EED2C644945F}.Release|Any CPU.ActiveCfg = Release|Any CPU
		{126CA24F-7CFD-4B7F-8D21-EED2C644945F}.Release|Any CPU.Build.0 = Release|Any CPU
		{F888F71A-F5FE-4BEB-A744-0883827FFEBC}.Debug|Any CPU.ActiveCfg = Debug|Any CPU
		{F888F71A-F5FE-4BEB-A744-0883827FFEBC}.Debug|Any CPU.Build.0 = Debug|Any CPU
		{F888F71A-F5FE-4BEB-A744-0883827FFEBC}.Release|Any CPU.ActiveCfg = Release|Any CPU
		{F888F71A-F5FE-4BEB-A744-0883827FFEBC}.Release|Any CPU.Build.0 = Release|Any CPU
		{A844BA5F-1179-4A9C-98CD-472198E04BAB}.Debug|Any CPU.ActiveCfg = Debug|Any CPU
		{A844BA5F-1179-4A9C-98CD-472198E04BAB}.Debug|Any CPU.Build.0 = Debug|Any CPU
		{A844BA5F-1179-4A9C-98CD-472198E04BAB}.Release|Any CPU.ActiveCfg = Release|Any CPU
		{A844BA5F-1179-4A9C-98CD-472198E04BAB}.Release|Any CPU.Build.0 = Release|Any CPU
		{9E1FD55E-6B78-4DF2-B480-43D89A24D71C}.Debug|Any CPU.ActiveCfg = Debug|Any CPU
		{9E1FD55E-6B78-4DF2-B480-43D89A24D71C}.Debug|Any CPU.Build.0 = Debug|Any CPU
		{9E1FD55E-6B78-4DF2-B480-43D89A24D71C}.Release|Any CPU.ActiveCfg = Release|Any CPU
		{9E1FD55E-6B78-4DF2-B480-43D89A24D71C}.Release|Any CPU.Build.0 = Release|Any CPU
		{739DCC23-5F96-4101-8543-2FC6876F7CAA}.Debug|Any CPU.ActiveCfg = Debug|Any CPU
		{739DCC23-5F96-4101-8543-2FC6876F7CAA}.Debug|Any CPU.Build.0 = Debug|Any CPU
		{739DCC23-5F96-4101-8543-2FC6876F7CAA}.Release|Any CPU.ActiveCfg = Release|Any CPU
		{739DCC23-5F96-4101-8543-2FC6876F7CAA}.Release|Any CPU.Build.0 = Release|Any CPU
	EndGlobalSection
	GlobalSection(SolutionProperties) = preSolution
		HideSolutionNode = FALSE
	EndGlobalSection
	GlobalSection(ExtensibilityGlobals) = postSolution
		SolutionGuid = {F3C27ACF-DD7D-46AC-861A-6319697DF763}
	EndGlobalSection
EndGlobal
