
Microsoft Visual Studio Solution File, Format Version 12.00
# Visual Studio 15
VisualStudioVersion = 15.0.28307.329
MinimumVisualStudioVersion = 10.0.40219.1
Project("{FAE04EC0-301F-11D3-BF4B-00C04F79EFBC}") = "ReversingAString", "ReversingAString\ReversingAString.csproj", "{9E7B86FD-4EE1-46C6-AC2E-6A1F2C3DDDE5}"
EndProject
Project("{FAE04EC0-301F-11D3-BF4B-00C04F79EFBC}") = "ReversingAStringTests", "ReversingAStringTests\ReversingAStringTests.csproj", "{005CDCE4-FC37-40C9-BF73-48E7166A06BC}"
EndProject
Project("{FAE04EC0-301F-11D3-BF4B-00C04F79EFBC}") = "SumOfOddNumbers", "SumOfOddNumbers\SumOfOddNumbers.csproj", "{926E7CA0-2EC2-4952-9D24-35845D54A07E}"
EndProject
Project("{FAE04EC0-301F-11D3-BF4B-00C04F79EFBC}") = "SumOfOddNumbersTests", "SumOfOddNumbersTests\SumOfOddNumbersTests.csproj", "{2B7C7347-E279-4F3B-B040-E698DBC43DB0}"
EndProject
Project("{FAE04EC0-301F-11D3-BF4B-00C04F79EFBC}") = "SumOfPrimes", "SumOfPrimes\SumOfPrimes.csproj", "{87ABC195-43CB-4EA2-9076-1B96107144F8}"
EndProject
Project("{FAE04EC0-301F-11D3-BF4B-00C04F79EFBC}") = "SumOfPrimesTests", "SumOfPrimesTests\SumOfPrimesTests.csproj", "{951BCD0D-73A8-425E-A8B4-69FCF172F449}"
EndProject
Project("{FAE04EC0-301F-11D3-BF4B-00C04F79EFBC}") = "minimumIntInArray", "minimumIntInArray\minimumIntInArray.csproj", "{3B5D2CCC-7D03-4A4B-AA55-336A9958143B}"
EndProject
Project("{FAE04EC0-301F-11D3-BF4B-00C04F79EFBC}") = "minimumIntInArrayTests", "minimumIntInArrayTests\minimumIntInArrayTests.csproj", "{D89D9E6A-FFCE-4608-835B-B809F3B4702C}"
EndProject
Project("{FAE04EC0-301F-11D3-BF4B-00C04F79EFBC}") = "ReversingAnArray", "ReversingAnArray\ReversingAnArray.csproj", "{BB32488F-3910-4CF8-B818-B4514B0486DA}"
EndProject
Project("{FAE04EC0-301F-11D3-BF4B-00C04F79EFBC}") = "NumberTriangle", "NumberTriangle\NumberTriangle.csproj", "{126CA24F-7CFD-4B7F-8D21-EED2C644945F}"
EndProject
Project("{FAE04EC0-301F-11D3-BF4B-00C04F79EFBC}") = "ReversingAnArrayTests", "ReversingAnArrayTests\ReversingAnArrayTests.csproj", "{F888F71A-F5FE-4BEB-A744-0883827FFEBC}"
EndProject
Project("{FAE04EC0-301F-11D3-BF4B-00C04F79EFBC}") = "SumOfDigits", "SumOfDigits\SumOfDigits.csproj", "{A844BA5F-1179-4A9C-98CD-472198E04BAB}"
EndProject
Project("{FAE04EC0-301F-11D3-BF4B-00C04F79EFBC}") = "SumOfDigitsTests", "SumOfDigitsTests\SumOfDigitsTests.csproj", "{9E1FD55E-6B78-4DF2-B480-43D89A24D71C}"
EndProject
Project("{FAE04EC0-301F-11D3-BF4B-00C04F79EFBC}") = "FindEmail", "FindEmail\FindEmail.csproj", "{739DCC23-5F96-4101-8543-2FC6876F7CAA}"
EndProject
Project("{FAE04EC0-301F-11D3-BF4B-00C04F79EFBC}") = "NumberOfLetters", "PrintThingsAndNumberInstances\NumberOfLetters.csproj", "{D90F5898-A528-4DCC-99FD-CC1A0623EAD4}"
EndProject
Project("{FAE04EC0-301F-11D3-BF4B-00C04F79EFBC}") = "SumOfArray", "SumOfArray\SumOfArray.csproj", "{64C694C8-E884-4A3B-ABC6-8DDEEEA32C7F}"
EndProject
Project("{FAE04EC0-301F-11D3-BF4B-00C04F79EFBC}") = "FractionOfArray", "FractionOfArray\FractionOfArray.csproj", "{C6958039-F1D9-4B01-BF3B-6E7791DE48B0}"
EndProject
Project("{FAE04EC0-301F-11D3-BF4B-00C04F79EFBC}") = "CheckIfLeapYear", "CheckIfLeapYear\CheckIfLeapYear.csproj", "{059853EE-FAF4-46BD-AB30-2C648865D169}"
EndProject
Project("{FAE04EC0-301F-11D3-BF4B-00C04F79EFBC}") = "SwapTwoNumbers", "SwapTwoNumbers\SwapTwoNumbers.csproj", "{6F2B0355-7D1E-465C-9800-D55F75A98862}"
EndProject
Project("{FAE04EC0-301F-11D3-BF4B-00C04F79EFBC}") = "CheckIfLeapYearTests", "CheckIfLeapYearTests\CheckIfLeapYearTests.csproj", "{633A8C61-D467-4C11-94AB-98ACE92EFFB5}"
EndProject
Project("{FAE04EC0-301F-11D3-BF4B-00C04F79EFBC}") = "IsPalindrome", "IsPalindrome\IsPalindrome.csproj", "{5CFA1FCC-64E4-4335-9C92-AB1ACD001C65}"
EndProject
Project("{FAE04EC0-301F-11D3-BF4B-00C04F79EFBC}") = "IsPalindromeTests", "IsPalindromeTests\IsPalindromeTests.csproj", "{0A6042AB-5EF3-4035-8227-04C3111CCEA9}"
EndProject
Project("{FAE04EC0-301F-11D3-BF4B-00C04F79EFBC}") = "OrderName", "OrderName\OrderName.csproj", "{0DEA6FFD-DC83-4585-A266-C4492EE38BF4}"
EndProject
Project("{FAE04EC0-301F-11D3-BF4B-00C04F79EFBC}") = "OrderNameTests1", "OrderNameTests1\OrderNameTests1.csproj", "{6A8B23F6-7EAE-47ED-BAD4-8D9A8DB0E9D7}"
EndProject
Project("{FAE04EC0-301F-11D3-BF4B-00C04F79EFBC}") = "RotateArray", "RotateArray\RotateArray.csproj", "{C027D192-2856-4211-9A35-0AD991A6EE56}"
EndProject
Project("{FAE04EC0-301F-11D3-BF4B-00C04F79EFBC}") = "IsPrime", "IsPrime\IsPrime.csproj", "{76B34F52-21C7-49E5-9E35-CB34D436B8D4}"
EndProject
Project("{FAE04EC0-301F-11D3-BF4B-00C04F79EFBC}") = "IsPrimeTests", "IsPrimeTests\IsPrimeTests.csproj", "{333ABD98-0BD6-48BA-B77C-F28D1F38EEF0}"
EndProject
Project("{FAE04EC0-301F-11D3-BF4B-00C04F79EFBC}") = "IsAnnagram", "IsAnnagram\IsAnnagram.csproj", "{7FE97EDC-E03B-448A-BA5F-615AB645078E}"
EndProject
Project("{FAE04EC0-301F-11D3-BF4B-00C04F79EFBC}") = "TakeIn5Numbers", "TakeIn5Numbers\TakeIn5Numbers.csproj", "{EEEB652B-04E4-4858-B326-07585D05E8E5}"
EndProject
Project("{FAE04EC0-301F-11D3-BF4B-00C04F79EFBC}") = "PalindromicSubstring", "PalindromicSubstring\PalindromicSubstring.csproj", "{B5208CCD-3B38-4F34-B939-FE8E292DEAE1}"
EndProject
Project("{FAE04EC0-301F-11D3-BF4B-00C04F79EFBC}") = "CeaserCipher", "CeaserCipher\CeaserCipher.csproj", "{FA561AF6-C359-48BB-9920-E9FC1C011FAF}"
EndProject
Project("{FAE04EC0-301F-11D3-BF4B-00C04F79EFBC}") = "MarquiLetterCount", "MarquiLetterCount\MarquiLetterCount.csproj", "{9B463B62-482E-4CC0-BAED-0D1FCAB7A28A}"
EndProject
Project("{FAE04EC0-301F-11D3-BF4B-00C04F79EFBC}") = "MakeCamelCase", "MakeCamelCase\MakeCamelCase.csproj", "{34499D12-DB50-44AB-8D28-F9F8C1F40BE4}"
EndProject
Project("{FAE04EC0-301F-11D3-BF4B-00C04F79EFBC}") = "FatherSonYearToDouble", "FatherSonYearToDouble\FatherSonYearToDouble.csproj", "{D5EEC0BF-49D4-4191-B9E5-BF8A99B6FDA8}"
EndProject
Project("{FAE04EC0-301F-11D3-BF4B-00C04F79EFBC}") = "findIntercepetOfLines", "findIntercepetOfLines\findIntercepetOfLines.csproj", "{52C19D6A-A0BB-475F-9E0B-BB8410CD7AF1}"
EndProject
Project("{FAE04EC0-301F-11D3-BF4B-00C04F79EFBC}") = "PrintFibonacciDigits", "PrintFibonacciDigits\PrintFibonacciDigits.csproj", "{C052320A-0EFC-4A73-A454-D9C39DB39468}"
EndProject
Project("{FAE04EC0-301F-11D3-BF4B-00C04F79EFBC}") = "FifoQueue", "FifoQueue\FifoQueue.csproj", "{336D13DF-00C9-4011-9436-6A29BFF47EDF}"
EndProject
Project("{FAE04EC0-301F-11D3-BF4B-00C04F79EFBC}") = "ReverseCaseOfString", "ConsoleApp1\ReverseCaseOfString.csproj", "{DF320253-7E83-4689-BC6D-BFF93F93E49E}"
EndProject
Project("{FAE04EC0-301F-11D3-BF4B-00C04F79EFBC}") = "MirrorIntDigits", "MirrorDigitsInt\MirrorIntDigits.csproj", "{76B5253D-2D0D-4A52-8F39-AD52127E6F54}"
EndProject
Project("{FAE04EC0-301F-11D3-BF4B-00C04F79EFBC}") = "ScrabblePoints", "ScrabblePoints\ScrabblePoints.csproj", "{8B189C6A-3526-4377-AC2E-775BD6550C91}"
EndProject
Global
	GlobalSection(SolutionConfigurationPlatforms) = preSolution
		Debug|Any CPU = Debug|Any CPU
		Release|Any CPU = Release|Any CPU
	EndGlobalSection
	GlobalSection(ProjectConfigurationPlatforms) = postSolution
		{9E7B86FD-4EE1-46C6-AC2E-6A1F2C3DDDE5}.Debug|Any CPU.ActiveCfg = Debug|Any CPU
		{9E7B86FD-4EE1-46C6-AC2E-6A1F2C3DDDE5}.Debug|Any CPU.Build.0 = Debug|Any CPU
		{9E7B86FD-4EE1-46C6-AC2E-6A1F2C3DDDE5}.Release|Any CPU.ActiveCfg = Release|Any CPU
		{9E7B86FD-4EE1-46C6-AC2E-6A1F2C3DDDE5}.Release|Any CPU.Build.0 = Release|Any CPU
		{005CDCE4-FC37-40C9-BF73-48E7166A06BC}.Debug|Any CPU.ActiveCfg = Debug|Any CPU
		{005CDCE4-FC37-40C9-BF73-48E7166A06BC}.Debug|Any CPU.Build.0 = Debug|Any CPU
		{005CDCE4-FC37-40C9-BF73-48E7166A06BC}.Release|Any CPU.ActiveCfg = Release|Any CPU
		{005CDCE4-FC37-40C9-BF73-48E7166A06BC}.Release|Any CPU.Build.0 = Release|Any CPU
		{926E7CA0-2EC2-4952-9D24-35845D54A07E}.Debug|Any CPU.ActiveCfg = Debug|Any CPU
		{926E7CA0-2EC2-4952-9D24-35845D54A07E}.Debug|Any CPU.Build.0 = Debug|Any CPU
		{926E7CA0-2EC2-4952-9D24-35845D54A07E}.Release|Any CPU.ActiveCfg = Release|Any CPU
		{926E7CA0-2EC2-4952-9D24-35845D54A07E}.Release|Any CPU.Build.0 = Release|Any CPU
		{2B7C7347-E279-4F3B-B040-E698DBC43DB0}.Debug|Any CPU.ActiveCfg = Debug|Any CPU
		{2B7C7347-E279-4F3B-B040-E698DBC43DB0}.Debug|Any CPU.Build.0 = Debug|Any CPU
		{2B7C7347-E279-4F3B-B040-E698DBC43DB0}.Release|Any CPU.ActiveCfg = Release|Any CPU
		{2B7C7347-E279-4F3B-B040-E698DBC43DB0}.Release|Any CPU.Build.0 = Release|Any CPU
		{87ABC195-43CB-4EA2-9076-1B96107144F8}.Debug|Any CPU.ActiveCfg = Debug|Any CPU
		{87ABC195-43CB-4EA2-9076-1B96107144F8}.Debug|Any CPU.Build.0 = Debug|Any CPU
		{87ABC195-43CB-4EA2-9076-1B96107144F8}.Release|Any CPU.ActiveCfg = Release|Any CPU
		{87ABC195-43CB-4EA2-9076-1B96107144F8}.Release|Any CPU.Build.0 = Release|Any CPU
		{951BCD0D-73A8-425E-A8B4-69FCF172F449}.Debug|Any CPU.ActiveCfg = Debug|Any CPU
		{951BCD0D-73A8-425E-A8B4-69FCF172F449}.Debug|Any CPU.Build.0 = Debug|Any CPU
		{951BCD0D-73A8-425E-A8B4-69FCF172F449}.Release|Any CPU.ActiveCfg = Release|Any CPU
		{951BCD0D-73A8-425E-A8B4-69FCF172F449}.Release|Any CPU.Build.0 = Release|Any CPU
		{3B5D2CCC-7D03-4A4B-AA55-336A9958143B}.Debug|Any CPU.ActiveCfg = Debug|Any CPU
		{3B5D2CCC-7D03-4A4B-AA55-336A9958143B}.Debug|Any CPU.Build.0 = Debug|Any CPU
		{3B5D2CCC-7D03-4A4B-AA55-336A9958143B}.Release|Any CPU.ActiveCfg = Release|Any CPU
		{3B5D2CCC-7D03-4A4B-AA55-336A9958143B}.Release|Any CPU.Build.0 = Release|Any CPU
		{D89D9E6A-FFCE-4608-835B-B809F3B4702C}.Debug|Any CPU.ActiveCfg = Debug|Any CPU
		{D89D9E6A-FFCE-4608-835B-B809F3B4702C}.Debug|Any CPU.Build.0 = Debug|Any CPU
		{D89D9E6A-FFCE-4608-835B-B809F3B4702C}.Release|Any CPU.ActiveCfg = Release|Any CPU
		{D89D9E6A-FFCE-4608-835B-B809F3B4702C}.Release|Any CPU.Build.0 = Release|Any CPU
		{BB32488F-3910-4CF8-B818-B4514B0486DA}.Debug|Any CPU.ActiveCfg = Debug|Any CPU
		{BB32488F-3910-4CF8-B818-B4514B0486DA}.Debug|Any CPU.Build.0 = Debug|Any CPU
		{BB32488F-3910-4CF8-B818-B4514B0486DA}.Release|Any CPU.ActiveCfg = Release|Any CPU
		{BB32488F-3910-4CF8-B818-B4514B0486DA}.Release|Any CPU.Build.0 = Release|Any CPU
		{126CA24F-7CFD-4B7F-8D21-EED2C644945F}.Debug|Any CPU.ActiveCfg = Debug|Any CPU
		{126CA24F-7CFD-4B7F-8D21-EED2C644945F}.Debug|Any CPU.Build.0 = Debug|Any CPU
		{126CA24F-7CFD-4B7F-8D21-EED2C644945F}.Release|Any CPU.ActiveCfg = Release|Any CPU
		{126CA24F-7CFD-4B7F-8D21-EED2C644945F}.Release|Any CPU.Build.0 = Release|Any CPU
		{F888F71A-F5FE-4BEB-A744-0883827FFEBC}.Debug|Any CPU.ActiveCfg = Debug|Any CPU
		{F888F71A-F5FE-4BEB-A744-0883827FFEBC}.Debug|Any CPU.Build.0 = Debug|Any CPU
		{F888F71A-F5FE-4BEB-A744-0883827FFEBC}.Release|Any CPU.ActiveCfg = Release|Any CPU
		{F888F71A-F5FE-4BEB-A744-0883827FFEBC}.Release|Any CPU.Build.0 = Release|Any CPU
		{A844BA5F-1179-4A9C-98CD-472198E04BAB}.Debug|Any CPU.ActiveCfg = Debug|Any CPU
		{A844BA5F-1179-4A9C-98CD-472198E04BAB}.Debug|Any CPU.Build.0 = Debug|Any CPU
		{A844BA5F-1179-4A9C-98CD-472198E04BAB}.Release|Any CPU.ActiveCfg = Release|Any CPU
		{A844BA5F-1179-4A9C-98CD-472198E04BAB}.Release|Any CPU.Build.0 = Release|Any CPU
		{9E1FD55E-6B78-4DF2-B480-43D89A24D71C}.Debug|Any CPU.ActiveCfg = Debug|Any CPU
		{9E1FD55E-6B78-4DF2-B480-43D89A24D71C}.Debug|Any CPU.Build.0 = Debug|Any CPU
		{9E1FD55E-6B78-4DF2-B480-43D89A24D71C}.Release|Any CPU.ActiveCfg = Release|Any CPU
		{9E1FD55E-6B78-4DF2-B480-43D89A24D71C}.Release|Any CPU.Build.0 = Release|Any CPU
		{739DCC23-5F96-4101-8543-2FC6876F7CAA}.Debug|Any CPU.ActiveCfg = Debug|Any CPU
		{739DCC23-5F96-4101-8543-2FC6876F7CAA}.Debug|Any CPU.Build.0 = Debug|Any CPU
		{739DCC23-5F96-4101-8543-2FC6876F7CAA}.Release|Any CPU.ActiveCfg = Release|Any CPU
		{739DCC23-5F96-4101-8543-2FC6876F7CAA}.Release|Any CPU.Build.0 = Release|Any CPU
		{D90F5898-A528-4DCC-99FD-CC1A0623EAD4}.Debug|Any CPU.ActiveCfg = Debug|Any CPU
		{D90F5898-A528-4DCC-99FD-CC1A0623EAD4}.Debug|Any CPU.Build.0 = Debug|Any CPU
		{D90F5898-A528-4DCC-99FD-CC1A0623EAD4}.Release|Any CPU.ActiveCfg = Release|Any CPU
		{D90F5898-A528-4DCC-99FD-CC1A0623EAD4}.Release|Any CPU.Build.0 = Release|Any CPU
		{64C694C8-E884-4A3B-ABC6-8DDEEEA32C7F}.Debug|Any CPU.ActiveCfg = Debug|Any CPU
		{64C694C8-E884-4A3B-ABC6-8DDEEEA32C7F}.Debug|Any CPU.Build.0 = Debug|Any CPU
		{64C694C8-E884-4A3B-ABC6-8DDEEEA32C7F}.Release|Any CPU.ActiveCfg = Release|Any CPU
		{64C694C8-E884-4A3B-ABC6-8DDEEEA32C7F}.Release|Any CPU.Build.0 = Release|Any CPU
		{C6958039-F1D9-4B01-BF3B-6E7791DE48B0}.Debug|Any CPU.ActiveCfg = Debug|Any CPU
		{C6958039-F1D9-4B01-BF3B-6E7791DE48B0}.Debug|Any CPU.Build.0 = Debug|Any CPU
		{C6958039-F1D9-4B01-BF3B-6E7791DE48B0}.Release|Any CPU.ActiveCfg = Release|Any CPU
		{C6958039-F1D9-4B01-BF3B-6E7791DE48B0}.Release|Any CPU.Build.0 = Release|Any CPU
		{059853EE-FAF4-46BD-AB30-2C648865D169}.Debug|Any CPU.ActiveCfg = Debug|Any CPU
		{059853EE-FAF4-46BD-AB30-2C648865D169}.Debug|Any CPU.Build.0 = Debug|Any CPU
		{059853EE-FAF4-46BD-AB30-2C648865D169}.Release|Any CPU.ActiveCfg = Release|Any CPU
		{059853EE-FAF4-46BD-AB30-2C648865D169}.Release|Any CPU.Build.0 = Release|Any CPU
		{6F2B0355-7D1E-465C-9800-D55F75A98862}.Debug|Any CPU.ActiveCfg = Debug|Any CPU
		{6F2B0355-7D1E-465C-9800-D55F75A98862}.Debug|Any CPU.Build.0 = Debug|Any CPU
		{6F2B0355-7D1E-465C-9800-D55F75A98862}.Release|Any CPU.ActiveCfg = Release|Any CPU
		{6F2B0355-7D1E-465C-9800-D55F75A98862}.Release|Any CPU.Build.0 = Release|Any CPU
		{633A8C61-D467-4C11-94AB-98ACE92EFFB5}.Debug|Any CPU.ActiveCfg = Debug|Any CPU
		{633A8C61-D467-4C11-94AB-98ACE92EFFB5}.Debug|Any CPU.Build.0 = Debug|Any CPU
		{633A8C61-D467-4C11-94AB-98ACE92EFFB5}.Release|Any CPU.ActiveCfg = Release|Any CPU
		{633A8C61-D467-4C11-94AB-98ACE92EFFB5}.Release|Any CPU.Build.0 = Release|Any CPU
		{5CFA1FCC-64E4-4335-9C92-AB1ACD001C65}.Debug|Any CPU.ActiveCfg = Debug|Any CPU
		{5CFA1FCC-64E4-4335-9C92-AB1ACD001C65}.Debug|Any CPU.Build.0 = Debug|Any CPU
		{5CFA1FCC-64E4-4335-9C92-AB1ACD001C65}.Release|Any CPU.ActiveCfg = Release|Any CPU
		{5CFA1FCC-64E4-4335-9C92-AB1ACD001C65}.Release|Any CPU.Build.0 = Release|Any CPU
		{0A6042AB-5EF3-4035-8227-04C3111CCEA9}.Debug|Any CPU.ActiveCfg = Debug|Any CPU
		{0A6042AB-5EF3-4035-8227-04C3111CCEA9}.Debug|Any CPU.Build.0 = Debug|Any CPU
		{0A6042AB-5EF3-4035-8227-04C3111CCEA9}.Release|Any CPU.ActiveCfg = Release|Any CPU
		{0A6042AB-5EF3-4035-8227-04C3111CCEA9}.Release|Any CPU.Build.0 = Release|Any CPU
		{0DEA6FFD-DC83-4585-A266-C4492EE38BF4}.Debug|Any CPU.ActiveCfg = Debug|Any CPU
		{0DEA6FFD-DC83-4585-A266-C4492EE38BF4}.Debug|Any CPU.Build.0 = Debug|Any CPU
		{0DEA6FFD-DC83-4585-A266-C4492EE38BF4}.Release|Any CPU.ActiveCfg = Release|Any CPU
		{0DEA6FFD-DC83-4585-A266-C4492EE38BF4}.Release|Any CPU.Build.0 = Release|Any CPU
		{6A8B23F6-7EAE-47ED-BAD4-8D9A8DB0E9D7}.Debug|Any CPU.ActiveCfg = Debug|Any CPU
		{6A8B23F6-7EAE-47ED-BAD4-8D9A8DB0E9D7}.Debug|Any CPU.Build.0 = Debug|Any CPU
		{6A8B23F6-7EAE-47ED-BAD4-8D9A8DB0E9D7}.Release|Any CPU.ActiveCfg = Release|Any CPU
		{6A8B23F6-7EAE-47ED-BAD4-8D9A8DB0E9D7}.Release|Any CPU.Build.0 = Release|Any CPU
		{C027D192-2856-4211-9A35-0AD991A6EE56}.Debug|Any CPU.ActiveCfg = Debug|Any CPU
		{C027D192-2856-4211-9A35-0AD991A6EE56}.Debug|Any CPU.Build.0 = Debug|Any CPU
		{C027D192-2856-4211-9A35-0AD991A6EE56}.Release|Any CPU.ActiveCfg = Release|Any CPU
		{C027D192-2856-4211-9A35-0AD991A6EE56}.Release|Any CPU.Build.0 = Release|Any CPU
		{76B34F52-21C7-49E5-9E35-CB34D436B8D4}.Debug|Any CPU.ActiveCfg = Debug|Any CPU
		{76B34F52-21C7-49E5-9E35-CB34D436B8D4}.Debug|Any CPU.Build.0 = Debug|Any CPU
		{76B34F52-21C7-49E5-9E35-CB34D436B8D4}.Release|Any CPU.ActiveCfg = Release|Any CPU
		{76B34F52-21C7-49E5-9E35-CB34D436B8D4}.Release|Any CPU.Build.0 = Release|Any CPU
		{333ABD98-0BD6-48BA-B77C-F28D1F38EEF0}.Debug|Any CPU.ActiveCfg = Debug|Any CPU
		{333ABD98-0BD6-48BA-B77C-F28D1F38EEF0}.Debug|Any CPU.Build.0 = Debug|Any CPU
		{333ABD98-0BD6-48BA-B77C-F28D1F38EEF0}.Release|Any CPU.ActiveCfg = Release|Any CPU
		{333ABD98-0BD6-48BA-B77C-F28D1F38EEF0}.Release|Any CPU.Build.0 = Release|Any CPU
		{7FE97EDC-E03B-448A-BA5F-615AB645078E}.Debug|Any CPU.ActiveCfg = Debug|Any CPU
		{7FE97EDC-E03B-448A-BA5F-615AB645078E}.Debug|Any CPU.Build.0 = Debug|Any CPU
		{7FE97EDC-E03B-448A-BA5F-615AB645078E}.Release|Any CPU.ActiveCfg = Release|Any CPU
		{7FE97EDC-E03B-448A-BA5F-615AB645078E}.Release|Any CPU.Build.0 = Release|Any CPU
		{EEEB652B-04E4-4858-B326-07585D05E8E5}.Debug|Any CPU.ActiveCfg = Debug|Any CPU
		{EEEB652B-04E4-4858-B326-07585D05E8E5}.Debug|Any CPU.Build.0 = Debug|Any CPU
		{EEEB652B-04E4-4858-B326-07585D05E8E5}.Release|Any CPU.ActiveCfg = Release|Any CPU
		{EEEB652B-04E4-4858-B326-07585D05E8E5}.Release|Any CPU.Build.0 = Release|Any CPU
		{B5208CCD-3B38-4F34-B939-FE8E292DEAE1}.Debug|Any CPU.ActiveCfg = Debug|Any CPU
		{B5208CCD-3B38-4F34-B939-FE8E292DEAE1}.Debug|Any CPU.Build.0 = Debug|Any CPU
		{B5208CCD-3B38-4F34-B939-FE8E292DEAE1}.Release|Any CPU.ActiveCfg = Release|Any CPU
		{B5208CCD-3B38-4F34-B939-FE8E292DEAE1}.Release|Any CPU.Build.0 = Release|Any CPU
		{FA561AF6-C359-48BB-9920-E9FC1C011FAF}.Debug|Any CPU.ActiveCfg = Debug|Any CPU
		{FA561AF6-C359-48BB-9920-E9FC1C011FAF}.Debug|Any CPU.Build.0 = Debug|Any CPU
		{FA561AF6-C359-48BB-9920-E9FC1C011FAF}.Release|Any CPU.ActiveCfg = Release|Any CPU
		{FA561AF6-C359-48BB-9920-E9FC1C011FAF}.Release|Any CPU.Build.0 = Release|Any CPU
		{9B463B62-482E-4CC0-BAED-0D1FCAB7A28A}.Debug|Any CPU.ActiveCfg = Debug|Any CPU
		{9B463B62-482E-4CC0-BAED-0D1FCAB7A28A}.Debug|Any CPU.Build.0 = Debug|Any CPU
		{9B463B62-482E-4CC0-BAED-0D1FCAB7A28A}.Release|Any CPU.ActiveCfg = Release|Any CPU
		{9B463B62-482E-4CC0-BAED-0D1FCAB7A28A}.Release|Any CPU.Build.0 = Release|Any CPU
		{34499D12-DB50-44AB-8D28-F9F8C1F40BE4}.Debug|Any CPU.ActiveCfg = Debug|Any CPU
		{34499D12-DB50-44AB-8D28-F9F8C1F40BE4}.Debug|Any CPU.Build.0 = Debug|Any CPU
		{34499D12-DB50-44AB-8D28-F9F8C1F40BE4}.Release|Any CPU.ActiveCfg = Release|Any CPU
		{34499D12-DB50-44AB-8D28-F9F8C1F40BE4}.Release|Any CPU.Build.0 = Release|Any CPU
		{D5EEC0BF-49D4-4191-B9E5-BF8A99B6FDA8}.Debug|Any CPU.ActiveCfg = Debug|Any CPU
		{D5EEC0BF-49D4-4191-B9E5-BF8A99B6FDA8}.Debug|Any CPU.Build.0 = Debug|Any CPU
		{D5EEC0BF-49D4-4191-B9E5-BF8A99B6FDA8}.Release|Any CPU.ActiveCfg = Release|Any CPU
		{D5EEC0BF-49D4-4191-B9E5-BF8A99B6FDA8}.Release|Any CPU.Build.0 = Release|Any CPU
		{52C19D6A-A0BB-475F-9E0B-BB8410CD7AF1}.Debug|Any CPU.ActiveCfg = Debug|Any CPU
		{52C19D6A-A0BB-475F-9E0B-BB8410CD7AF1}.Debug|Any CPU.Build.0 = Debug|Any CPU
		{52C19D6A-A0BB-475F-9E0B-BB8410CD7AF1}.Release|Any CPU.ActiveCfg = Release|Any CPU
		{52C19D6A-A0BB-475F-9E0B-BB8410CD7AF1}.Release|Any CPU.Build.0 = Release|Any CPU
		{C052320A-0EFC-4A73-A454-D9C39DB39468}.Debug|Any CPU.ActiveCfg = Debug|Any CPU
		{C052320A-0EFC-4A73-A454-D9C39DB39468}.Debug|Any CPU.Build.0 = Debug|Any CPU
		{C052320A-0EFC-4A73-A454-D9C39DB39468}.Release|Any CPU.ActiveCfg = Release|Any CPU
		{C052320A-0EFC-4A73-A454-D9C39DB39468}.Release|Any CPU.Build.0 = Release|Any CPU
		{336D13DF-00C9-4011-9436-6A29BFF47EDF}.Debug|Any CPU.ActiveCfg = Debug|Any CPU
		{336D13DF-00C9-4011-9436-6A29BFF47EDF}.Debug|Any CPU.Build.0 = Debug|Any CPU
		{336D13DF-00C9-4011-9436-6A29BFF47EDF}.Release|Any CPU.ActiveCfg = Release|Any CPU
		{336D13DF-00C9-4011-9436-6A29BFF47EDF}.Release|Any CPU.Build.0 = Release|Any CPU
		{DF320253-7E83-4689-BC6D-BFF93F93E49E}.Debug|Any CPU.ActiveCfg = Debug|Any CPU
		{DF320253-7E83-4689-BC6D-BFF93F93E49E}.Debug|Any CPU.Build.0 = Debug|Any CPU
		{DF320253-7E83-4689-BC6D-BFF93F93E49E}.Release|Any CPU.ActiveCfg = Release|Any CPU
		{DF320253-7E83-4689-BC6D-BFF93F93E49E}.Release|Any CPU.Build.0 = Release|Any CPU
		{76B5253D-2D0D-4A52-8F39-AD52127E6F54}.Debug|Any CPU.ActiveCfg = Debug|Any CPU
		{76B5253D-2D0D-4A52-8F39-AD52127E6F54}.Debug|Any CPU.Build.0 = Debug|Any CPU
		{76B5253D-2D0D-4A52-8F39-AD52127E6F54}.Release|Any CPU.ActiveCfg = Release|Any CPU
		{76B5253D-2D0D-4A52-8F39-AD52127E6F54}.Release|Any CPU.Build.0 = Release|Any CPU
		{8B189C6A-3526-4377-AC2E-775BD6550C91}.Debug|Any CPU.ActiveCfg = Debug|Any CPU
		{8B189C6A-3526-4377-AC2E-775BD6550C91}.Debug|Any CPU.Build.0 = Debug|Any CPU
		{8B189C6A-3526-4377-AC2E-775BD6550C91}.Release|Any CPU.ActiveCfg = Release|Any CPU
		{8B189C6A-3526-4377-AC2E-775BD6550C91}.Release|Any CPU.Build.0 = Release|Any CPU
	EndGlobalSection
	GlobalSection(SolutionProperties) = preSolution
		HideSolutionNode = FALSE
	EndGlobalSection
	GlobalSection(ExtensibilityGlobals) = postSolution
		SolutionGuid = {F3C27ACF-DD7D-46AC-861A-6319697DF763}
	EndGlobalSection
EndGlobal
